<?xml version="1.0" encoding="utf-8"?>
<Project ToolsVersion="4.0" xmlns="http://schemas.microsoft.com/developer/msbuild/2003">
  <ItemGroup>
    <Filter Include="Source Files">
      <UniqueIdentifier>{4FC737F1-C7A5-4376-A066-2A32D752A2FF}</UniqueIdentifier>
      <Extensions>cpp;c;cc;cxx;def;odl;idl;hpj;bat;asm;asmx</Extensions>
    </Filter>
    <Filter Include="Header Files">
      <UniqueIdentifier>{93995380-89BD-4b04-88EB-625FBE52EBFB}</UniqueIdentifier>
      <Extensions>h;hh;hpp;hxx;hm;inl;inc;ipp;xsd</Extensions>
    </Filter>
    <Filter Include="Resource Files">
      <UniqueIdentifier>{67DA6AB6-F800-4c08-8B7A-83BB121AAD01}</UniqueIdentifier>
      <Extensions>rc;ico;cur;bmp;dlg;rc2;rct;bin;rgs;gif;jpg;jpeg;jpe;resx;tiff;tif;png;wav;mfcribbon-ms</Extensions>
    </Filter>
    <Filter Include="Shaders">
      <UniqueIdentifier>{2ad1c1c7-1c18-44cf-8f48-cd38487e7b38}</UniqueIdentifier>
    </Filter>
    <Filter Include="Shaders\Vertex">
      <UniqueIdentifier>{4c824a33-3be7-4d49-a488-1ce1275dbf38}</UniqueIdentifier>
    </Filter>
    <Filter Include="Shaders\Pixel">
      <UniqueIdentifier>{ff0439a4-0bcd-4898-8ab8-aacd5da61018}</UniqueIdentifier>
    </Filter>
    <Filter Include="Shaders\Header">
      <UniqueIdentifier>{d086d0bd-df51-41d3-b363-2da6a0c762d0}</UniqueIdentifier>
    </Filter>
    <Filter Include="Structures">
      <UniqueIdentifier>{3b52838d-cd6f-4fba-817f-18067f69f518}</UniqueIdentifier>
    </Filter>
    <Filter Include="Structures\Header">
      <UniqueIdentifier>{4c5743b3-b3d3-43a7-adbc-792b642f7210}</UniqueIdentifier>
    </Filter>
    <Filter Include="Structures\Source">
      <UniqueIdentifier>{6fb5b92a-395d-4677-af03-c8d39c95e45c}</UniqueIdentifier>
    </Filter>
    <Filter Include="Managers">
      <UniqueIdentifier>{29b89b9c-8b1b-4bab-b83b-11f8b163a1a9}</UniqueIdentifier>
    </Filter>
    <Filter Include="Managers\Header">
      <UniqueIdentifier>{12804773-23bf-43ca-9b4a-f347a90e6604}</UniqueIdentifier>
    </Filter>
    <Filter Include="Managers\Source">
      <UniqueIdentifier>{b4ef3c8c-4061-4b75-8401-554f5709055d}</UniqueIdentifier>
    </Filter>
  </ItemGroup>
  <ItemGroup>
    <ClInclude Include="header.h">
      <Filter>Header Files</Filter>
    </ClInclude>
    <ClInclude Include="targetver.h">
      <Filter>Header Files</Filter>
    </ClInclude>
    <ClInclude Include="Resource.h">
      <Filter>Header Files</Filter>
    </ClInclude>
    <ClInclude Include="Window.h">
      <Filter>Header Files</Filter>
    </ClInclude>
    <ClInclude Include="XTime.h">
      <Filter>Header Files</Filter>
    </ClInclude>
    <ClInclude Include="WICTextureLoader.h">
      <Filter>Managers\Header</Filter>
    </ClInclude>
    <ClInclude Include="AnimationInterpolator.h">
      <Filter>Managers\Header</Filter>
    </ClInclude>
    <ClInclude Include="BinaryReader.h">
      <Filter>Managers\Header</Filter>
    </ClInclude>
    <ClInclude Include="D3DRenderer.h">
      <Filter>Managers\Header</Filter>
    </ClInclude>
    <ClInclude Include="DDSTextureLoader.h">
      <Filter>Managers\Header</Filter>
    </ClInclude>
    <ClInclude Include="DebugRenderer.h">
      <Filter>Managers\Header</Filter>
    </ClInclude>
    <ClInclude Include="IndexBufferManager.h">
      <Filter>Managers\Header</Filter>
    </ClInclude>
    <ClInclude Include="InputLayoutManager.h">
      <Filter>Managers\Header</Filter>
    </ClInclude>
    <ClInclude Include="InputManager.h">
      <Filter>Managers\Header</Filter>
    </ClInclude>
    <ClInclude Include="PixelShaderManager.h">
      <Filter>Managers\Header</Filter>
    </ClInclude>
    <ClInclude Include="TextureManager.h">
      <Filter>Managers\Header</Filter>
    </ClInclude>
    <ClInclude Include="VertexBufferManager.h">
      <Filter>Managers\Header</Filter>
    </ClInclude>
    <ClInclude Include="VertexShaderManager.h">
      <Filter>Managers\Header</Filter>
    </ClInclude>
    <ClInclude Include="Vertex.h">
      <Filter>Structures\Header</Filter>
    </ClInclude>
    <ClInclude Include="Mesh.h">
      <Filter>Structures\Header</Filter>
    </ClInclude>
    <ClInclude Include="Structures.h">
      <Filter>Structures\Header</Filter>
    </ClInclude>
    <ClInclude Include="DynamicModel.h">
      <Filter>Structures\Header</Filter>
    </ClInclude>
    <ClInclude Include="StaticModel.h">
      <Filter>Structures\Header</Filter>
    </ClInclude>
    <ClInclude Include="ModelManager.h">
      <Filter>Managers\Header</Filter>
    </ClInclude>
  </ItemGroup>
  <ItemGroup>
    <ClCompile Include="Window.cpp">
      <Filter>Source Files</Filter>
    </ClCompile>
    <ClCompile Include="XTime.cpp">
      <Filter>Source Files</Filter>
    </ClCompile>
    <ClCompile Include="AnimationInterpolator.cpp">
      <Filter>Managers\Source</Filter>
    </ClCompile>
    <ClCompile Include="BinaryReader.cpp">
      <Filter>Managers\Source</Filter>
    </ClCompile>
    <ClCompile Include="D3DRenderer.cpp">
      <Filter>Managers\Source</Filter>
    </ClCompile>
    <ClCompile Include="DDSTextureLoader.cpp">
      <Filter>Managers\Source</Filter>
    </ClCompile>
    <ClCompile Include="DebugRenderer.cpp">
      <Filter>Managers\Source</Filter>
    </ClCompile>
    <ClCompile Include="IndexBufferManager.cpp">
      <Filter>Managers\Source</Filter>
    </ClCompile>
    <ClCompile Include="InputLayoutManager.cpp">
      <Filter>Managers\Source</Filter>
    </ClCompile>
    <ClCompile Include="InputManager.cpp">
      <Filter>Managers\Source</Filter>
    </ClCompile>
    <ClCompile Include="PixelShaderManager.cpp">
      <Filter>Managers\Source</Filter>
    </ClCompile>
    <ClCompile Include="TextureManager.cpp">
      <Filter>Managers\Source</Filter>
    </ClCompile>
    <ClCompile Include="VertexBufferManager.cpp">
      <Filter>Managers\Source</Filter>
    </ClCompile>
    <ClCompile Include="VertexShaderManager.cpp">
      <Filter>Managers\Source</Filter>
    </ClCompile>
    <ClCompile Include="WICTextureLoader.cpp">
      <Filter>Managers\Source</Filter>
    </ClCompile>
    <ClCompile Include="Mesh.cpp">
      <Filter>Structures\Source</Filter>
    </ClCompile>
    <ClCompile Include="DynamicModel.cpp">
      <Filter>Structures\Source</Filter>
    </ClCompile>
    <ClCompile Include="StaticModel.cpp">
      <Filter>Structures\Source</Filter>
    </ClCompile>
    <ClCompile Include="ModelManager.cpp">
      <Filter>Managers\Source</Filter>
    </ClCompile>
    <ClCompile Include="Structures.cpp">
      <Filter>Structures\Source</Filter>
    </ClCompile>
  </ItemGroup>
  <ItemGroup>
    <ResourceCompile Include="Window.rc">
      <Filter>Resource Files</Filter>
    </ResourceCompile>
  </ItemGroup>
  <ItemGroup>
    <Image Include="small.ico">
      <Filter>Resource Files</Filter>
    </Image>
    <Image Include="Window.ico">
      <Filter>Resource Files</Filter>
    </Image>
  </ItemGroup>
  <ItemGroup>
    <FxCompile Include="VS_PCTNTBJW.hlsl">
      <Filter>Shaders\Vertex</Filter>
    </FxCompile>
    <FxCompile Include="PS_PCTNTBJW.hlsl">
      <Filter>Shaders\Pixel</Filter>
    </FxCompile>
    <FxCompile Include="VS_PCTNTBJW_ANIM.hlsl">
      <Filter>Shaders\Vertex</Filter>
    </FxCompile>
    <FxCompile Include="VS_DEBUGLINES.hlsl">
      <Filter>Shaders\Vertex</Filter>
    </FxCompile>
    <FxCompile Include="PS_DEBUGLINES.hlsl">
      <Filter>Shaders\Pixel</Filter>
    </FxCompile>
    <FxCompile Include="VS_SKYBOX.hlsl">
      <Filter>Shaders\Vertex</Filter>
    </FxCompile>
    <FxCompile Include="PS_SKYBOX.hlsl">
      <Filter>Shaders\Pixel</Filter>
    </FxCompile>
    <FxCompile Include="PS_PCTNTBJW_TEX_ONLY.hlsl">
      <Filter>Shaders\Pixel</Filter>
    </FxCompile>
  </ItemGroup>
  <ItemGroup>
    <None Include="Lighting_Calculations.hlsli">
      <Filter>Shaders\Header</Filter>
    </None>
  </ItemGroup>
</Project>